{
  "object": {
    "pins": [
      {
        "package": "SocketWrapper",
        "repositoryURL": "https://bitbucket.org/mmuszynski/socketwrapper/src/master/",
        "state": {
          "branch": "master",
          "revision": "aa6660d16e27836a82732c3cf99a382868ff207d",
          "version": null
        }
      }
    ]
  },
  "version": 1
}
