{
  "pins" : [
    {
      "identity" : "keplerian",
      "kind" : "remoteSourceControl",
      "location" : "https://github.com/mmuszynski/Keplerian.git",
      "state" : {
        "branch" : "master",
        "revision" : "9053de3842c5d688e3963cf0dd2722095d45ffbe"
      }
    },
    {
      "identity" : "socketwrapper",
      "kind" : "remoteSourceControl",
      "location" : "https://github.com/mmuszynski/Socketwrapper.git",
      "state" : {
        "branch" : "master",
        "revision" : "db4a6e6f42ddd330b0e1b5202b368b8f9629a523"
      }
    }
  ],
  "version" : 2
}
